summary: flock(1) locks files
webpage: https://github.com/discoteq/flock
version: 0.4.0
bin-url: https://github.com/leleliu008/uppm-package-repository-android-32-aarch64/releases/download/2025.01.22/flock-0.4.0-android-32-arm64-v8a.release.tar.xz
bin-sha: f8088c2f48fdd1762cde98e3250a9dbe10a6f7985ad71dd9f987ba69fe015b7d
